
Microsoft Visual Studio Solution File, Format Version 12.00
# Visual Studio Version 17
VisualStudioVersion = 17.6.33723.286
MinimumVisualStudioVersion = 10.0.40219.1
Project("{9A19103F-16F7-4668-BE54-9A1E7A4F7556}") = "Probability Calculator", "Probability Calculator.csproj", "{4FAE917A-8761-43AE-B6F1-81872DA20142}"
EndProject
Project("{9A19103F-16F7-4668-BE54-9A1E7A4F7556}") = "TestProbCalculator", "..\TestProbCalculator\TestProbCalculator.csproj", "{151AC2F7-7899-4D1A-B804-89E3C633D866}"
EndProject
Global
	GlobalSection(SolutionConfigurationPlatforms) = preSolution
		Debug|Any CPU = Debug|Any CPU
		Release|Any CPU = Release|Any CPU
	EndGlobalSection
	GlobalSection(ProjectConfigurationPlatforms) = postSolution
		{4FAE917A-8761-43AE-B6F1-81872DA20142}.Debug|Any CPU.ActiveCfg = Debug|Any CPU
		{4FAE917A-8761-43AE-B6F1-81872DA20142}.Debug|Any CPU.Build.0 = Debug|Any CPU
		{4FAE917A-8761-43AE-B6F1-81872DA20142}.Release|Any CPU.ActiveCfg = Release|Any CPU
		{4FAE917A-8761-43AE-B6F1-81872DA20142}.Release|Any CPU.Build.0 = Release|Any CPU
		{151AC2F7-7899-4D1A-B804-89E3C633D866}.Debug|Any CPU.ActiveCfg = Debug|Any CPU
		{151AC2F7-7899-4D1A-B804-89E3C633D866}.Debug|Any CPU.Build.0 = Debug|Any CPU
		{151AC2F7-7899-4D1A-B804-89E3C633D866}.Release|Any CPU.ActiveCfg = Release|Any CPU
		{151AC2F7-7899-4D1A-B804-89E3C633D866}.Release|Any CPU.Build.0 = Release|Any CPU
	EndGlobalSection
	GlobalSection(SolutionProperties) = preSolution
		HideSolutionNode = FALSE
	EndGlobalSection
	GlobalSection(ExtensibilityGlobals) = postSolution
		SolutionGuid = {5CA646FE-6ED2-4227-AD21-E107A0CDD133}
	EndGlobalSection
EndGlobal
